
Microsoft Visual Studio Solution File, Format Version 12.00
# Visual Studio Version 17
VisualStudioVersion = 17.13.35825.156 d17.13
MinimumVisualStudioVersion = 10.0.40219.1
Project("{FAE04EC0-301F-11D3-BF4B-00C04F79EFBC}") = "TatehamaCommanderTable", "TatehamaCommanderTable\TatehamaCommanderTable.csproj", "{094306DB-43B6-4F0C-B47D-0B4CD0D11FAC}"
EndProject
Global
	GlobalSection(SolutionConfigurationPlatforms) = preSolution
		Debug|Any CPU = Debug|Any CPU
		Release|Any CPU = Release|Any CPU
	EndGlobalSection
	GlobalSection(ProjectConfigurationPlatforms) = postSolution
		{094306DB-43B6-4F0C-B47D-0B4CD0D11FAC}.Debug|Any CPU.ActiveCfg = Debug|Any CPU
		{094306DB-43B6-4F0C-B47D-0B4CD0D11FAC}.Debug|Any CPU.Build.0 = Debug|Any CPU
		{094306DB-43B6-4F0C-B47D-0B4CD0D11FAC}.Release|Any CPU.ActiveCfg = Release|Any CPU
		{094306DB-43B6-4F0C-B47D-0B4CD0D11FAC}.Release|Any CPU.Build.0 = Release|Any CPU
	EndGlobalSection
	GlobalSection(SolutionProperties) = preSolution
		HideSolutionNode = FALSE
	EndGlobalSection
	GlobalSection(ExtensibilityGlobals) = postSolution
		SolutionGuid = {08243E9C-4590-430F-A367-0608E6BB0582}
	EndGlobalSection
EndGlobal
